
Microsoft Visual Studio Solution File, Format Version 12.00
# Visual Studio Version 17
VisualStudioVersion = 17.11.35312.102
MinimumVisualStudioVersion = 10.0.40219.1
Project("{9A19103F-16F7-4668-BE54-9A1E7A4F7556}") = "PizzaManagement", "PizzaManagement\PizzaManagement.csproj", "{489B18E1-86D2-4C04-945A-D1E0F3267FC8}"
EndProject
Project("{FAE04EC0-301F-11D3-BF4B-00C04F79EFBC}") = "PizzaManagement.Test", "PizzaManagement.Test\PizzaManagement.Test.csproj", "{6253C1BC-5B2F-4756-9747-C4E8724DA440}"
EndProject
Global
	GlobalSection(SolutionConfigurationPlatforms) = preSolution
		Debug|Any CPU = Debug|Any CPU
		Release|Any CPU = Release|Any CPU
	EndGlobalSection
	GlobalSection(ProjectConfigurationPlatforms) = postSolution
		{489B18E1-86D2-4C04-945A-D1E0F3267FC8}.Debug|Any CPU.ActiveCfg = Debug|Any CPU
		{489B18E1-86D2-4C04-945A-D1E0F3267FC8}.Debug|Any CPU.Build.0 = Debug|Any CPU
		{489B18E1-86D2-4C04-945A-D1E0F3267FC8}.Release|Any CPU.ActiveCfg = Release|Any CPU
		{489B18E1-86D2-4C04-945A-D1E0F3267FC8}.Release|Any CPU.Build.0 = Release|Any CPU
		{6253C1BC-5B2F-4756-9747-C4E8724DA440}.Debug|Any CPU.ActiveCfg = Debug|Any CPU
		{6253C1BC-5B2F-4756-9747-C4E8724DA440}.Debug|Any CPU.Build.0 = Debug|Any CPU
		{6253C1BC-5B2F-4756-9747-C4E8724DA440}.Release|Any CPU.ActiveCfg = Release|Any CPU
		{6253C1BC-5B2F-4756-9747-C4E8724DA440}.Release|Any CPU.Build.0 = Release|Any CPU
	EndGlobalSection
	GlobalSection(SolutionProperties) = preSolution
		HideSolutionNode = FALSE
	EndGlobalSection
	GlobalSection(ExtensibilityGlobals) = postSolution
		SolutionGuid = {6D14B63E-5D6F-412E-9DEB-A2856829BDF7}
	EndGlobalSection
EndGlobal
